
Microsoft Visual Studio Solution File, Format Version 12.00
# Visual Studio Version 17
VisualStudioVersion = 17.10.35122.118
MinimumVisualStudioVersion = 10.0.40219.1
Project("{9A19103F-16F7-4668-BE54-9A1E7A4F7556}") = "DeclarativeProgramming", "DeclarativeProgramming\DeclarativeProgramming.csproj", "{3936EB0E-C662-41FE-8513-8EF6FC1C1AF7}"
EndProject
Project("{9A19103F-16F7-4668-BE54-9A1E7A4F7556}") = "Pipeline", "Pipeline\Pipeline.csproj", "{3EBC7102-71E6-486F-85DB-A32173C7E397}"
EndProject
Project("{9A19103F-16F7-4668-BE54-9A1E7A4F7556}") = "HigherOrderFunctions", "HigherOrderFunctions\HigherOrderFunctions.csproj", "{4F66BDDC-A454-49F7-A5E3-49492885B871}"
EndProject
Project("{9A19103F-16F7-4668-BE54-9A1E7A4F7556}") = "OrderCalculator", "OrderCalculator\OrderCalculator.csproj", "{DA41E1B1-24E7-49A7-B8D7-F55CD00EA03C}"
EndProject
Project("{9A19103F-16F7-4668-BE54-9A1E7A4F7556}") = "FunctionComposition", "FunctionComposition\FunctionComposition.csproj", "{C7B002CB-A533-41A9-B9AD-7C6CEECDFABA}"
EndProject
Project("{FAE04EC0-301F-11D3-BF4B-00C04F79EFBC}") = "CompositionExample", "CompositionExample\CompositionExample.csproj", "{C0F2C2DE-5726-4A60-A8D6-80F74DD40C23}"
EndProject
Project("{FAE04EC0-301F-11D3-BF4B-00C04F79EFBC}") = "Closures", "Closures\Closures.csproj", "{AFF2DAA9-06C2-4D7F-9D60-BE09E56CD340}"
EndProject
Global
	GlobalSection(SolutionConfigurationPlatforms) = preSolution
		Debug|Any CPU = Debug|Any CPU
		Release|Any CPU = Release|Any CPU
	EndGlobalSection
	GlobalSection(ProjectConfigurationPlatforms) = postSolution
		{3936EB0E-C662-41FE-8513-8EF6FC1C1AF7}.Debug|Any CPU.ActiveCfg = Debug|Any CPU
		{3936EB0E-C662-41FE-8513-8EF6FC1C1AF7}.Debug|Any CPU.Build.0 = Debug|Any CPU
		{3936EB0E-C662-41FE-8513-8EF6FC1C1AF7}.Release|Any CPU.ActiveCfg = Release|Any CPU
		{3936EB0E-C662-41FE-8513-8EF6FC1C1AF7}.Release|Any CPU.Build.0 = Release|Any CPU
		{3EBC7102-71E6-486F-85DB-A32173C7E397}.Debug|Any CPU.ActiveCfg = Debug|Any CPU
		{3EBC7102-71E6-486F-85DB-A32173C7E397}.Debug|Any CPU.Build.0 = Debug|Any CPU
		{3EBC7102-71E6-486F-85DB-A32173C7E397}.Release|Any CPU.ActiveCfg = Release|Any CPU
		{3EBC7102-71E6-486F-85DB-A32173C7E397}.Release|Any CPU.Build.0 = Release|Any CPU
		{4F66BDDC-A454-49F7-A5E3-49492885B871}.Debug|Any CPU.ActiveCfg = Debug|Any CPU
		{4F66BDDC-A454-49F7-A5E3-49492885B871}.Debug|Any CPU.Build.0 = Debug|Any CPU
		{4F66BDDC-A454-49F7-A5E3-49492885B871}.Release|Any CPU.ActiveCfg = Release|Any CPU
		{4F66BDDC-A454-49F7-A5E3-49492885B871}.Release|Any CPU.Build.0 = Release|Any CPU
		{DA41E1B1-24E7-49A7-B8D7-F55CD00EA03C}.Debug|Any CPU.ActiveCfg = Debug|Any CPU
		{DA41E1B1-24E7-49A7-B8D7-F55CD00EA03C}.Debug|Any CPU.Build.0 = Debug|Any CPU
		{DA41E1B1-24E7-49A7-B8D7-F55CD00EA03C}.Release|Any CPU.ActiveCfg = Release|Any CPU
		{DA41E1B1-24E7-49A7-B8D7-F55CD00EA03C}.Release|Any CPU.Build.0 = Release|Any CPU
		{C7B002CB-A533-41A9-B9AD-7C6CEECDFABA}.Debug|Any CPU.ActiveCfg = Debug|Any CPU
		{C7B002CB-A533-41A9-B9AD-7C6CEECDFABA}.Debug|Any CPU.Build.0 = Debug|Any CPU
		{C7B002CB-A533-41A9-B9AD-7C6CEECDFABA}.Release|Any CPU.ActiveCfg = Release|Any CPU
		{C7B002CB-A533-41A9-B9AD-7C6CEECDFABA}.Release|Any CPU.Build.0 = Release|Any CPU
		{C0F2C2DE-5726-4A60-A8D6-80F74DD40C23}.Debug|Any CPU.ActiveCfg = Debug|Any CPU
		{C0F2C2DE-5726-4A60-A8D6-80F74DD40C23}.Debug|Any CPU.Build.0 = Debug|Any CPU
		{C0F2C2DE-5726-4A60-A8D6-80F74DD40C23}.Release|Any CPU.ActiveCfg = Release|Any CPU
		{C0F2C2DE-5726-4A60-A8D6-80F74DD40C23}.Release|Any CPU.Build.0 = Release|Any CPU
		{AFF2DAA9-06C2-4D7F-9D60-BE09E56CD340}.Debug|Any CPU.ActiveCfg = Debug|Any CPU
		{AFF2DAA9-06C2-4D7F-9D60-BE09E56CD340}.Debug|Any CPU.Build.0 = Debug|Any CPU
		{AFF2DAA9-06C2-4D7F-9D60-BE09E56CD340}.Release|Any CPU.ActiveCfg = Release|Any CPU
		{AFF2DAA9-06C2-4D7F-9D60-BE09E56CD340}.Release|Any CPU.Build.0 = Release|Any CPU
	EndGlobalSection
	GlobalSection(SolutionProperties) = preSolution
		HideSolutionNode = FALSE
	EndGlobalSection
	GlobalSection(ExtensibilityGlobals) = postSolution
		SolutionGuid = {548DFDB4-3C51-4061-A067-2578229A0EC2}
	EndGlobalSection
EndGlobal
